# This file is automatically @generated by Cargo.
# It is not intended for manual editing.
[[package]]
name = "arraydeque"
version = "0.4.3"
source = "registry+https://github.com/rust-lang/crates.io-index"

[[package]]
name = "arrayvec"
version = "0.4.10"
source = "registry+https://github.com/rust-lang/crates.io-index"
dependencies = [
 "nodrop 0.1.13 (registry+https://github.com/rust-lang/crates.io-index)",
]

[[package]]
name = "bitflags"
version = "1.0.4"
source = "registry+https://github.com/rust-lang/crates.io-index"

[[package]]
name = "cc"
version = "1.0.25"
source = "registry+https://github.com/rust-lang/crates.io-index"

[[package]]
name = "console-traits"
version = "0.3.0"
source = "registry+https://github.com/rust-lang/crates.io-index"

[[package]]
name = "const-ft"
version = "0.1.2"
source = "registry+https://github.com/rust-lang/crates.io-index"

[[package]]
name = "multiboot2"
version = "0.8.1"
source = "registry+https://github.com/rust-lang/crates.io-index"
dependencies = [
 "bitflags 1.0.4 (registry+https://github.com/rust-lang/crates.io-index)",
]

[[package]]
name = "nodrop"
version = "0.1.13"
source = "registry+https://github.com/rust-lang/crates.io-index"

[[package]]
name = "operating-system-project"
version = "0.1.0"
dependencies = [
 "arraydeque 0.4.3 (registry+https://github.com/rust-lang/crates.io-index)",
 "arrayvec 0.4.10 (registry+https://github.com/rust-lang/crates.io-index)",
 "bitflags 1.0.4 (registry+https://github.com/rust-lang/crates.io-index)",
 "multiboot2 0.8.1 (registry+https://github.com/rust-lang/crates.io-index)",
 "pc-at-pic8259a 0.1.0 (git+https://github.com/jutuon/pic8259?rev=6d278c12743f2e4241585ff5cf8ed390457e4007)",
 "pc-ps2-controller 0.1.0 (git+https://github.com/jutuon/pc-ps2-controller?rev=44dea14d3d8a502123b951723e8af4d77e45477e)",
 "seq-macro 0.1.2 (registry+https://github.com/rust-lang/crates.io-index)",
 "vga 0.1.0",
 "volatile 0.2.6 (registry+https://github.com/rust-lang/crates.io-index)",
 "x86 0.12.0 (registry+https://github.com/rust-lang/crates.io-index)",
]

[[package]]
name = "pc-at-pic8259a"
version = "0.1.0"
source = "git+https://github.com/jutuon/pic8259?rev=6d278c12743f2e4241585ff5cf8ed390457e4007#6d278c12743f2e4241585ff5cf8ed390457e4007"

[[package]]
name = "pc-keyboard"
version = "0.5.0"
source = "registry+https://github.com/rust-lang/crates.io-index"

[[package]]
name = "pc-ps2-controller"
version = "0.1.0"
source = "git+https://github.com/jutuon/pc-ps2-controller?rev=44dea14d3d8a502123b951723e8af4d77e45477e#44dea14d3d8a502123b951723e8af4d77e45477e"
dependencies = [
 "arraydeque 0.4.3 (registry+https://github.com/rust-lang/crates.io-index)",
 "bitflags 1.0.4 (registry+https://github.com/rust-lang/crates.io-index)",
 "pc-keyboard 0.5.0 (registry+https://github.com/rust-lang/crates.io-index)",
]

[[package]]
name = "raw-cpuid"
version = "6.0.0"
source = "registry+https://github.com/rust-lang/crates.io-index"
dependencies = [
 "bitflags 1.0.4 (registry+https://github.com/rust-lang/crates.io-index)",
 "cc 1.0.25 (registry+https://github.com/rust-lang/crates.io-index)",
 "rustc_version 0.2.3 (registry+https://github.com/rust-lang/crates.io-index)",
]

[[package]]
name = "rustc_version"
version = "0.2.3"
source = "registry+https://github.com/rust-lang/crates.io-index"
dependencies = [
 "semver 0.9.0 (registry+https://github.com/rust-lang/crates.io-index)",
]

[[package]]
name = "semver"
version = "0.9.0"
source = "registry+https://github.com/rust-lang/crates.io-index"
dependencies = [
 "semver-parser 0.7.0 (registry+https://github.com/rust-lang/crates.io-index)",
]

[[package]]
name = "semver-parser"
version = "0.7.0"
source = "registry+https://github.com/rust-lang/crates.io-index"

[[package]]
name = "seq-macro"
version = "0.1.2"
source = "registry+https://github.com/rust-lang/crates.io-index"

[[package]]
name = "vga"
version = "0.1.0"
dependencies = [
 "vga-framebuffer 0.8.1 (registry+https://github.com/rust-lang/crates.io-index)",
 "volatile 0.2.6 (registry+https://github.com/rust-lang/crates.io-index)",
]

[[package]]
name = "vga-framebuffer"
version = "0.8.1"
source = "registry+https://github.com/rust-lang/crates.io-index"
dependencies = [
 "console-traits 0.3.0 (registry+https://github.com/rust-lang/crates.io-index)",
 "const-ft 0.1.2 (registry+https://github.com/rust-lang/crates.io-index)",
]

[[package]]
name = "volatile"
version = "0.2.6"
source = "registry+https://github.com/rust-lang/crates.io-index"

[[package]]
name = "x86"
version = "0.12.0"
source = "registry+https://github.com/rust-lang/crates.io-index"
dependencies = [
 "bitflags 1.0.4 (registry+https://github.com/rust-lang/crates.io-index)",
 "raw-cpuid 6.0.0 (registry+https://github.com/rust-lang/crates.io-index)",
]

[metadata]
"checksum arraydeque 0.4.3 (registry+https://github.com/rust-lang/crates.io-index)" = "e300327073b806ffc81fccb228b2d4131ac7ef1b1a015f7b0c399c7f886cacc6"
"checksum arrayvec 0.4.10 (registry+https://github.com/rust-lang/crates.io-index)" = "92c7fb76bc8826a8b33b4ee5bb07a247a81e76764ab4d55e8f73e3a4d8808c71"
"checksum bitflags 1.0.4 (registry+https://github.com/rust-lang/crates.io-index)" = "228047a76f468627ca71776ecdebd732a3423081fcf5125585bcd7c49886ce12"
"checksum cc 1.0.25 (registry+https://github.com/rust-lang/crates.io-index)" = "f159dfd43363c4d08055a07703eb7a3406b0dac4d0584d96965a3262db3c9d16"
"checksum console-traits 0.3.0 (registry+https://github.com/rust-lang/crates.io-index)" = "f711b3d1d5c3f7ae7d6428901c0f3e5d5f5c800fcfac86bf0252e96373a2cec6"
"checksum const-ft 0.1.2 (registry+https://github.com/rust-lang/crates.io-index)" = "990f5aebce907dc6f5e50e19b05e1095994b855a1ddd2aba8d4f2ec6802e59fd"
"checksum multiboot2 0.8.1 (registry+https://github.com/rust-lang/crates.io-index)" = "5f6498094448e4d667346cd1e71ef2c9b442efafd418201889a2185f50bfa637"
"checksum nodrop 0.1.13 (registry+https://github.com/rust-lang/crates.io-index)" = "2f9667ddcc6cc8a43afc9b7917599d7216aa09c463919ea32c59ed6cac8bc945"
"checksum pc-at-pic8259a 0.1.0 (git+https://github.com/jutuon/pic8259?rev=6d278c12743f2e4241585ff5cf8ed390457e4007)" = "<none>"
"checksum pc-keyboard 0.5.0 (registry+https://github.com/rust-lang/crates.io-index)" = "c48392db76c4e9a69e0b3be356c5f97ebb7b14413c5e4fd0af4755dbf86e2fce"
"checksum pc-ps2-controller 0.1.0 (git+https://github.com/jutuon/pc-ps2-controller?rev=44dea14d3d8a502123b951723e8af4d77e45477e)" = "<none>"
"checksum raw-cpuid 6.0.0 (registry+https://github.com/rust-lang/crates.io-index)" = "41219962ecab392f1e68db9e7ebd972800d4045a128cc23462b384e8c312cde1"
"checksum rustc_version 0.2.3 (registry+https://github.com/rust-lang/crates.io-index)" = "138e3e0acb6c9fb258b19b67cb8abd63c00679d2851805ea151465464fe9030a"
"checksum semver 0.9.0 (registry+https://github.com/rust-lang/crates.io-index)" = "1d7eb9ef2c18661902cc47e535f9bc51b78acd254da71d375c2f6720d9a40403"
"checksum semver-parser 0.7.0 (registry+https://github.com/rust-lang/crates.io-index)" = "388a1df253eca08550bef6c72392cfe7c30914bf41df5269b68cbd6ff8f570a3"
"checksum seq-macro 0.1.2 (registry+https://github.com/rust-lang/crates.io-index)" = "50c645c067c1c5627badc60483aa9ed0069c674eb89de704bea537413bcde577"
"checksum vga-framebuffer 0.8.1 (registry+https://github.com/rust-lang/crates.io-index)" = "dd9550d6008a081e2b46bc596a6c370370d9788dc8b64df14074d7fdec3b3fa5"
"checksum volatile 0.2.6 (registry+https://github.com/rust-lang/crates.io-index)" = "6af0edf5b4faacc31fc51159244d78d65ec580f021afcef7bd53c04aeabc7f29"
"checksum x86 0.12.0 (registry+https://github.com/rust-lang/crates.io-index)" = "841e1ca5a87068718a2a26f2473c6f93cf3b8119f9778fa0ae4b39b664d9e66a"
